
Microsoft Visual Studio Solution File, Format Version 11.00
# Visual Studio 2010
Project("{FAE04EC0-301F-11D3-BF4B-00C04F79EFBC}") = "Light.Cmd", "Light.Cmd\Light.Cmd.csproj", "{2D3ED576-8CF6-4643-B0CC-75B1271C4E16}"
EndProject
Project("{FAE04EC0-301F-11D3-BF4B-00C04F79EFBC}") = "Light.Cmd.Client", "Light.Cmd.Client\Light.Cmd.Client.csproj", "{0CBFCA76-339B-4AD6-AF27-BDD49BAA649A}"
EndProject
Project("{FAE04EC0-301F-11D3-BF4B-00C04F79EFBC}") = "Light.Cmd.Demo", "Light.Cmd.Demo\Light.Cmd.Demo.csproj", "{45E7550D-4BC8-47A5-AE86-ABF85875E601}"
EndProject
Project("{FAE04EC0-301F-11D3-BF4B-00C04F79EFBC}") = "Light.Cmd.Server", "Light.Cmd.Server\Light.Cmd.Server.csproj", "{40C3699B-BC0E-4121-B549-87321359786F}"
EndProject
Project("{FAE04EC0-301F-11D3-BF4B-00C04F79EFBC}") = "Light.Cmd.Test", "Light.Cmd.Test\Light.Cmd.Test.csproj", "{5B7779C5-508D-4E25-883E-3A7EDFE1A26B}"
EndProject
Global
	GlobalSection(SolutionConfigurationPlatforms) = preSolution
		Debug|Any CPU = Debug|Any CPU
		Debug|Mixed Platforms = Debug|Mixed Platforms
		Debug|x86 = Debug|x86
		Release|Any CPU = Release|Any CPU
		Release|Mixed Platforms = Release|Mixed Platforms
		Release|x86 = Release|x86
	EndGlobalSection
	GlobalSection(ProjectConfigurationPlatforms) = postSolution
		{0CBFCA76-339B-4AD6-AF27-BDD49BAA649A}.Debug|Any CPU.ActiveCfg = Debug|x86
		{0CBFCA76-339B-4AD6-AF27-BDD49BAA649A}.Debug|Any CPU.Build.0 = Debug|x86
		{0CBFCA76-339B-4AD6-AF27-BDD49BAA649A}.Debug|Mixed Platforms.ActiveCfg = Debug|x86
		{0CBFCA76-339B-4AD6-AF27-BDD49BAA649A}.Debug|Mixed Platforms.Build.0 = Debug|x86
		{0CBFCA76-339B-4AD6-AF27-BDD49BAA649A}.Debug|x86.ActiveCfg = Debug|x86
		{0CBFCA76-339B-4AD6-AF27-BDD49BAA649A}.Debug|x86.Build.0 = Debug|x86
		{0CBFCA76-339B-4AD6-AF27-BDD49BAA649A}.Release|Any CPU.ActiveCfg = Release|x86
		{0CBFCA76-339B-4AD6-AF27-BDD49BAA649A}.Release|Any CPU.Build.0 = Release|x86
		{0CBFCA76-339B-4AD6-AF27-BDD49BAA649A}.Release|Mixed Platforms.ActiveCfg = Release|x86
		{0CBFCA76-339B-4AD6-AF27-BDD49BAA649A}.Release|Mixed Platforms.Build.0 = Release|x86
		{0CBFCA76-339B-4AD6-AF27-BDD49BAA649A}.Release|x86.ActiveCfg = Release|x86
		{0CBFCA76-339B-4AD6-AF27-BDD49BAA649A}.Release|x86.Build.0 = Release|x86
		{2D3ED576-8CF6-4643-B0CC-75B1271C4E16}.Debug|Any CPU.ActiveCfg = Debug|Any CPU
		{2D3ED576-8CF6-4643-B0CC-75B1271C4E16}.Debug|Any CPU.Build.0 = Debug|Any CPU
		{2D3ED576-8CF6-4643-B0CC-75B1271C4E16}.Debug|Mixed Platforms.ActiveCfg = Debug|Any CPU
		{2D3ED576-8CF6-4643-B0CC-75B1271C4E16}.Debug|Mixed Platforms.Build.0 = Debug|Any CPU
		{2D3ED576-8CF6-4643-B0CC-75B1271C4E16}.Debug|x86.ActiveCfg = Debug|Any CPU
		{2D3ED576-8CF6-4643-B0CC-75B1271C4E16}.Release|Any CPU.ActiveCfg = Release|Any CPU
		{2D3ED576-8CF6-4643-B0CC-75B1271C4E16}.Release|Any CPU.Build.0 = Release|Any CPU
		{2D3ED576-8CF6-4643-B0CC-75B1271C4E16}.Release|Mixed Platforms.ActiveCfg = Release|Any CPU
		{2D3ED576-8CF6-4643-B0CC-75B1271C4E16}.Release|Mixed Platforms.Build.0 = Release|Any CPU
		{2D3ED576-8CF6-4643-B0CC-75B1271C4E16}.Release|x86.ActiveCfg = Release|Any CPU
		{40C3699B-BC0E-4121-B549-87321359786F}.Debug|Any CPU.ActiveCfg = Debug|Any CPU
		{40C3699B-BC0E-4121-B549-87321359786F}.Debug|Any CPU.Build.0 = Debug|Any CPU
		{40C3699B-BC0E-4121-B549-87321359786F}.Debug|Mixed Platforms.ActiveCfg = Debug|Any CPU
		{40C3699B-BC0E-4121-B549-87321359786F}.Debug|Mixed Platforms.Build.0 = Debug|Any CPU
		{40C3699B-BC0E-4121-B549-87321359786F}.Debug|x86.ActiveCfg = Debug|Any CPU
		{40C3699B-BC0E-4121-B549-87321359786F}.Debug|x86.Build.0 = Debug|Any CPU
		{40C3699B-BC0E-4121-B549-87321359786F}.Release|Any CPU.ActiveCfg = Release|Any CPU
		{40C3699B-BC0E-4121-B549-87321359786F}.Release|Any CPU.Build.0 = Release|Any CPU
		{40C3699B-BC0E-4121-B549-87321359786F}.Release|Mixed Platforms.ActiveCfg = Release|Any CPU
		{40C3699B-BC0E-4121-B549-87321359786F}.Release|Mixed Platforms.Build.0 = Release|Any CPU
		{40C3699B-BC0E-4121-B549-87321359786F}.Release|x86.ActiveCfg = Release|Any CPU
		{40C3699B-BC0E-4121-B549-87321359786F}.Release|x86.Build.0 = Release|Any CPU
		{45E7550D-4BC8-47A5-AE86-ABF85875E601}.Debug|Any CPU.ActiveCfg = Debug|x86
		{45E7550D-4BC8-47A5-AE86-ABF85875E601}.Debug|Any CPU.Build.0 = Debug|x86
		{45E7550D-4BC8-47A5-AE86-ABF85875E601}.Debug|Mixed Platforms.ActiveCfg = Debug|x86
		{45E7550D-4BC8-47A5-AE86-ABF85875E601}.Debug|Mixed Platforms.Build.0 = Debug|x86
		{45E7550D-4BC8-47A5-AE86-ABF85875E601}.Debug|x86.ActiveCfg = Debug|x86
		{45E7550D-4BC8-47A5-AE86-ABF85875E601}.Debug|x86.Build.0 = Debug|x86
		{45E7550D-4BC8-47A5-AE86-ABF85875E601}.Release|Any CPU.ActiveCfg = Release|x86
		{45E7550D-4BC8-47A5-AE86-ABF85875E601}.Release|Any CPU.Build.0 = Release|x86
		{45E7550D-4BC8-47A5-AE86-ABF85875E601}.Release|Mixed Platforms.ActiveCfg = Release|x86
		{45E7550D-4BC8-47A5-AE86-ABF85875E601}.Release|Mixed Platforms.Build.0 = Release|x86
		{45E7550D-4BC8-47A5-AE86-ABF85875E601}.Release|x86.ActiveCfg = Release|x86
		{45E7550D-4BC8-47A5-AE86-ABF85875E601}.Release|x86.Build.0 = Release|x86
		{5B7779C5-508D-4E25-883E-3A7EDFE1A26B}.Debug|Any CPU.ActiveCfg = Debug|Any CPU
		{5B7779C5-508D-4E25-883E-3A7EDFE1A26B}.Debug|Any CPU.Build.0 = Debug|Any CPU
		{5B7779C5-508D-4E25-883E-3A7EDFE1A26B}.Debug|Mixed Platforms.ActiveCfg = Debug|Any CPU
		{5B7779C5-508D-4E25-883E-3A7EDFE1A26B}.Debug|Mixed Platforms.Build.0 = Debug|Any CPU
		{5B7779C5-508D-4E25-883E-3A7EDFE1A26B}.Debug|x86.ActiveCfg = Debug|Any CPU
		{5B7779C5-508D-4E25-883E-3A7EDFE1A26B}.Debug|x86.Build.0 = Debug|Any CPU
		{5B7779C5-508D-4E25-883E-3A7EDFE1A26B}.Release|Any CPU.ActiveCfg = Release|Any CPU
		{5B7779C5-508D-4E25-883E-3A7EDFE1A26B}.Release|Any CPU.Build.0 = Release|Any CPU
		{5B7779C5-508D-4E25-883E-3A7EDFE1A26B}.Release|Mixed Platforms.ActiveCfg = Release|Any CPU
		{5B7779C5-508D-4E25-883E-3A7EDFE1A26B}.Release|Mixed Platforms.Build.0 = Release|Any CPU
		{5B7779C5-508D-4E25-883E-3A7EDFE1A26B}.Release|x86.ActiveCfg = Release|Any CPU
		{5B7779C5-508D-4E25-883E-3A7EDFE1A26B}.Release|x86.Build.0 = Release|Any CPU
	EndGlobalSection
	GlobalSection(SolutionProperties) = preSolution
		HideSolutionNode = FALSE
	EndGlobalSection
EndGlobal
